
Microsoft Visual Studio Solution File, Format Version 12.00
# Visual Studio Version 17
VisualStudioVersion = 17.0.31903.59
MinimumVisualStudioVersion = 10.0.40219.1
Project("{2150E333-8FDC-42A3-9474-1A3956D46DE8}") = "src", "src", "{827E0CD3-B72D-47B6-A68D-7590B98EB39B}"
EndProject
Project("{FAE04EC0-301F-11D3-BF4B-00C04F79EFBC}") = "NCodexSDK", "src\NCodexSDK\NCodexSDK.csproj", "{AF064512-4AF5-454E-944B-BFA7551D8804}"
EndProject
Project("{FAE04EC0-301F-11D3-BF4B-00C04F79EFBC}") = "NCodexSDK.Demo", "src\NCodexSDK.Demo\NCodexSDK.Demo.csproj", "{B50F1F52-99F5-4F4B-90DC-5288F11C810C}"
EndProject
Project("{FAE04EC0-301F-11D3-BF4B-00C04F79EFBC}") = "NCodexSDK.Demo.Review", "src\NCodexSDK.Demo.Review\NCodexSDK.Demo.Review.csproj", "{8B8CC5B9-944F-4DD3-AF8A-31F4DB1F03E7}"
EndProject
Project("{2150E333-8FDC-42A3-9474-1A3956D46DE8}") = "tests", "tests", "{0AB3BF05-4346-4AA6-1389-037BE0695223}"
EndProject
Project("{FAE04EC0-301F-11D3-BF4B-00C04F79EFBC}") = "NCodexSDK.Tests", "tests\NCodexSDK.Tests\NCodexSDK.Tests.csproj", "{D6BA2A77-D95D-493C-8AC5-2D951891EB21}"
EndProject
Project("{FAE04EC0-301F-11D3-BF4B-00C04F79EFBC}") = "NCodexSDK.AppServer.Demo", "src\NCodexSDK.AppServer.Demo\NCodexSDK.AppServer.Demo.csproj", "{30D75AEA-E188-4515-8D54-4AB0910A41A7}"
EndProject
Project("{FAE04EC0-301F-11D3-BF4B-00C04F79EFBC}") = "NCodexSDK.McpServer.Demo", "src\NCodexSDK.McpServer.Demo\NCodexSDK.McpServer.Demo.csproj", "{51D5D29A-6E37-446F-A363-3D152B18FFC2}"
EndProject
Global
	GlobalSection(SolutionConfigurationPlatforms) = preSolution
		Debug|Any CPU = Debug|Any CPU
		Debug|x64 = Debug|x64
		Debug|x86 = Debug|x86
		Release|Any CPU = Release|Any CPU
		Release|x64 = Release|x64
		Release|x86 = Release|x86
	EndGlobalSection
	GlobalSection(ProjectConfigurationPlatforms) = postSolution
		{AF064512-4AF5-454E-944B-BFA7551D8804}.Debug|Any CPU.ActiveCfg = Debug|Any CPU
		{AF064512-4AF5-454E-944B-BFA7551D8804}.Debug|Any CPU.Build.0 = Debug|Any CPU
		{AF064512-4AF5-454E-944B-BFA7551D8804}.Debug|x64.ActiveCfg = Debug|Any CPU
		{AF064512-4AF5-454E-944B-BFA7551D8804}.Debug|x64.Build.0 = Debug|Any CPU
		{AF064512-4AF5-454E-944B-BFA7551D8804}.Debug|x86.ActiveCfg = Debug|Any CPU
		{AF064512-4AF5-454E-944B-BFA7551D8804}.Debug|x86.Build.0 = Debug|Any CPU
		{AF064512-4AF5-454E-944B-BFA7551D8804}.Release|Any CPU.ActiveCfg = Release|Any CPU
		{AF064512-4AF5-454E-944B-BFA7551D8804}.Release|Any CPU.Build.0 = Release|Any CPU
		{AF064512-4AF5-454E-944B-BFA7551D8804}.Release|x64.ActiveCfg = Release|Any CPU
		{AF064512-4AF5-454E-944B-BFA7551D8804}.Release|x64.Build.0 = Release|Any CPU
		{AF064512-4AF5-454E-944B-BFA7551D8804}.Release|x86.ActiveCfg = Release|Any CPU
		{AF064512-4AF5-454E-944B-BFA7551D8804}.Release|x86.Build.0 = Release|Any CPU
		{B50F1F52-99F5-4F4B-90DC-5288F11C810C}.Debug|Any CPU.ActiveCfg = Debug|Any CPU
		{B50F1F52-99F5-4F4B-90DC-5288F11C810C}.Debug|Any CPU.Build.0 = Debug|Any CPU
		{B50F1F52-99F5-4F4B-90DC-5288F11C810C}.Debug|x64.ActiveCfg = Debug|Any CPU
		{B50F1F52-99F5-4F4B-90DC-5288F11C810C}.Debug|x64.Build.0 = Debug|Any CPU
		{B50F1F52-99F5-4F4B-90DC-5288F11C810C}.Debug|x86.ActiveCfg = Debug|Any CPU
		{B50F1F52-99F5-4F4B-90DC-5288F11C810C}.Debug|x86.Build.0 = Debug|Any CPU
		{B50F1F52-99F5-4F4B-90DC-5288F11C810C}.Release|Any CPU.ActiveCfg = Release|Any CPU
		{B50F1F52-99F5-4F4B-90DC-5288F11C810C}.Release|Any CPU.Build.0 = Release|Any CPU
		{B50F1F52-99F5-4F4B-90DC-5288F11C810C}.Release|x64.ActiveCfg = Release|Any CPU
		{B50F1F52-99F5-4F4B-90DC-5288F11C810C}.Release|x64.Build.0 = Release|Any CPU
		{B50F1F52-99F5-4F4B-90DC-5288F11C810C}.Release|x86.ActiveCfg = Release|Any CPU
		{B50F1F52-99F5-4F4B-90DC-5288F11C810C}.Release|x86.Build.0 = Release|Any CPU
		{8B8CC5B9-944F-4DD3-AF8A-31F4DB1F03E7}.Debug|Any CPU.ActiveCfg = Debug|Any CPU
		{8B8CC5B9-944F-4DD3-AF8A-31F4DB1F03E7}.Debug|Any CPU.Build.0 = Debug|Any CPU
		{8B8CC5B9-944F-4DD3-AF8A-31F4DB1F03E7}.Debug|x64.ActiveCfg = Debug|Any CPU
		{8B8CC5B9-944F-4DD3-AF8A-31F4DB1F03E7}.Debug|x64.Build.0 = Debug|Any CPU
		{8B8CC5B9-944F-4DD3-AF8A-31F4DB1F03E7}.Debug|x86.ActiveCfg = Debug|Any CPU
		{8B8CC5B9-944F-4DD3-AF8A-31F4DB1F03E7}.Debug|x86.Build.0 = Debug|Any CPU
		{8B8CC5B9-944F-4DD3-AF8A-31F4DB1F03E7}.Release|Any CPU.ActiveCfg = Release|Any CPU
		{8B8CC5B9-944F-4DD3-AF8A-31F4DB1F03E7}.Release|Any CPU.Build.0 = Release|Any CPU
		{8B8CC5B9-944F-4DD3-AF8A-31F4DB1F03E7}.Release|x64.ActiveCfg = Release|Any CPU
		{8B8CC5B9-944F-4DD3-AF8A-31F4DB1F03E7}.Release|x64.Build.0 = Release|Any CPU
		{8B8CC5B9-944F-4DD3-AF8A-31F4DB1F03E7}.Release|x86.ActiveCfg = Release|Any CPU
		{8B8CC5B9-944F-4DD3-AF8A-31F4DB1F03E7}.Release|x86.Build.0 = Release|Any CPU
		{D6BA2A77-D95D-493C-8AC5-2D951891EB21}.Debug|Any CPU.ActiveCfg = Debug|Any CPU
		{D6BA2A77-D95D-493C-8AC5-2D951891EB21}.Debug|Any CPU.Build.0 = Debug|Any CPU
		{D6BA2A77-D95D-493C-8AC5-2D951891EB21}.Debug|x64.ActiveCfg = Debug|Any CPU
		{D6BA2A77-D95D-493C-8AC5-2D951891EB21}.Debug|x64.Build.0 = Debug|Any CPU
		{D6BA2A77-D95D-493C-8AC5-2D951891EB21}.Debug|x86.ActiveCfg = Debug|Any CPU
		{D6BA2A77-D95D-493C-8AC5-2D951891EB21}.Debug|x86.Build.0 = Debug|Any CPU
		{D6BA2A77-D95D-493C-8AC5-2D951891EB21}.Release|Any CPU.ActiveCfg = Release|Any CPU
		{D6BA2A77-D95D-493C-8AC5-2D951891EB21}.Release|Any CPU.Build.0 = Release|Any CPU
		{D6BA2A77-D95D-493C-8AC5-2D951891EB21}.Release|x64.ActiveCfg = Release|Any CPU
		{D6BA2A77-D95D-493C-8AC5-2D951891EB21}.Release|x64.Build.0 = Release|Any CPU
		{D6BA2A77-D95D-493C-8AC5-2D951891EB21}.Release|x86.ActiveCfg = Release|Any CPU
		{D6BA2A77-D95D-493C-8AC5-2D951891EB21}.Release|x86.Build.0 = Release|Any CPU
		{30D75AEA-E188-4515-8D54-4AB0910A41A7}.Debug|Any CPU.ActiveCfg = Debug|Any CPU
		{30D75AEA-E188-4515-8D54-4AB0910A41A7}.Debug|Any CPU.Build.0 = Debug|Any CPU
		{30D75AEA-E188-4515-8D54-4AB0910A41A7}.Debug|x64.ActiveCfg = Debug|Any CPU
		{30D75AEA-E188-4515-8D54-4AB0910A41A7}.Debug|x64.Build.0 = Debug|Any CPU
		{30D75AEA-E188-4515-8D54-4AB0910A41A7}.Debug|x86.ActiveCfg = Debug|Any CPU
		{30D75AEA-E188-4515-8D54-4AB0910A41A7}.Debug|x86.Build.0 = Debug|Any CPU
		{30D75AEA-E188-4515-8D54-4AB0910A41A7}.Release|Any CPU.ActiveCfg = Release|Any CPU
		{30D75AEA-E188-4515-8D54-4AB0910A41A7}.Release|Any CPU.Build.0 = Release|Any CPU
		{30D75AEA-E188-4515-8D54-4AB0910A41A7}.Release|x64.ActiveCfg = Release|Any CPU
		{30D75AEA-E188-4515-8D54-4AB0910A41A7}.Release|x64.Build.0 = Release|Any CPU
		{30D75AEA-E188-4515-8D54-4AB0910A41A7}.Release|x86.ActiveCfg = Release|Any CPU
		{30D75AEA-E188-4515-8D54-4AB0910A41A7}.Release|x86.Build.0 = Release|Any CPU
		{51D5D29A-6E37-446F-A363-3D152B18FFC2}.Debug|Any CPU.ActiveCfg = Debug|Any CPU
		{51D5D29A-6E37-446F-A363-3D152B18FFC2}.Debug|Any CPU.Build.0 = Debug|Any CPU
		{51D5D29A-6E37-446F-A363-3D152B18FFC2}.Debug|x64.ActiveCfg = Debug|Any CPU
		{51D5D29A-6E37-446F-A363-3D152B18FFC2}.Debug|x64.Build.0 = Debug|Any CPU
		{51D5D29A-6E37-446F-A363-3D152B18FFC2}.Debug|x86.ActiveCfg = Debug|Any CPU
		{51D5D29A-6E37-446F-A363-3D152B18FFC2}.Debug|x86.Build.0 = Debug|Any CPU
		{51D5D29A-6E37-446F-A363-3D152B18FFC2}.Release|Any CPU.ActiveCfg = Release|Any CPU
		{51D5D29A-6E37-446F-A363-3D152B18FFC2}.Release|Any CPU.Build.0 = Release|Any CPU
		{51D5D29A-6E37-446F-A363-3D152B18FFC2}.Release|x64.ActiveCfg = Release|Any CPU
		{51D5D29A-6E37-446F-A363-3D152B18FFC2}.Release|x64.Build.0 = Release|Any CPU
		{51D5D29A-6E37-446F-A363-3D152B18FFC2}.Release|x86.ActiveCfg = Release|Any CPU
		{51D5D29A-6E37-446F-A363-3D152B18FFC2}.Release|x86.Build.0 = Release|Any CPU
	EndGlobalSection
	GlobalSection(SolutionProperties) = preSolution
		HideSolutionNode = FALSE
	EndGlobalSection
	GlobalSection(NestedProjects) = preSolution
		{AF064512-4AF5-454E-944B-BFA7551D8804} = {827E0CD3-B72D-47B6-A68D-7590B98EB39B}
		{B50F1F52-99F5-4F4B-90DC-5288F11C810C} = {827E0CD3-B72D-47B6-A68D-7590B98EB39B}
		{8B8CC5B9-944F-4DD3-AF8A-31F4DB1F03E7} = {827E0CD3-B72D-47B6-A68D-7590B98EB39B}
		{D6BA2A77-D95D-493C-8AC5-2D951891EB21} = {0AB3BF05-4346-4AA6-1389-037BE0695223}
		{30D75AEA-E188-4515-8D54-4AB0910A41A7} = {827E0CD3-B72D-47B6-A68D-7590B98EB39B}
		{51D5D29A-6E37-446F-A363-3D152B18FFC2} = {827E0CD3-B72D-47B6-A68D-7590B98EB39B}
	EndGlobalSection
EndGlobal
